// !$*UTF8*$!
{
	archiveVersion = 1;
	classes = {
	};
	objectVersion = 46;
	objects = {

/* Begin PBXBuildFile section */
		8DC2EF530486A6940098B216 /* InfoPlist.strings in Resources */ = {isa = PBXBuildFile; fileRef = 089C1666FE841158C02AAC07 /* InfoPlist.strings */; };
		8DC2EF570486A6940098B216 /* Cocoa.framework in Frameworks */ = {isa = PBXBuildFile; fileRef = 1058C7B1FEA5585E11CA2CBB /* Cocoa.framework */; };
		9610C08B0E22450D000E25B2 /* flash_image_importer.c in Sources */ = {isa = PBXBuildFile; fileRef = 9610C08A0E22450D000E25B2 /* flash_image_importer.c */; };
		96976C360E6942AE00325EE2 /* PGPreparedQuery.h in Headers */ = {isa = PBXBuildFile; fileRef = 96976C340E6942AE00325EE2 /* PGPreparedQuery.h */; settings = {ATTRIBUTES = (Public, ); }; };
		96976C370E6942AE00325EE2 /* PGPreparedQuery.m in Sources */ = {isa = PBXBuildFile; fileRef = 96976C350E6942AE00325EE2 /* PGPreparedQuery.m */; };
		96976C450E69864700325EE2 /* PGInternal.h in Headers */ = {isa = PBXBuildFile; fileRef = 96976C440E69864700325EE2 /* PGInternal.h */; settings = {ATTRIBUTES = (); }; };
		96976C4A0E6988A500325EE2 /* PGCocoa.h in Headers */ = {isa = PBXBuildFile; fileRef = 96976C490E6988A500325EE2 /* PGCocoa.h */; settings = {ATTRIBUTES = (Public, ); }; };
		96976E120E6E143B00325EE2 /* PGQueryDocument.m in Sources */ = {isa = PBXBuildFile; fileRef = 96976E110E6E143B00325EE2 /* PGQueryDocument.m */; };
		96976E170E6E14AF00325EE2 /* AppController.m in Sources */ = {isa = PBXBuildFile; fileRef = 96976E160E6E14AF00325EE2 /* AppController.m */; };
		96976E190E6E14CE00325EE2 /* PGQueryToolMainMenu.xib in Resources */ = {isa = PBXBuildFile; fileRef = 96976E180E6E14CE00325EE2 /* PGQueryToolMainMenu.xib */; };
		96976E1B0E6E152300325EE2 /* PGQueryDocument.xib in Resources */ = {isa = PBXBuildFile; fileRef = 96976E1A0E6E152300325EE2 /* PGQueryDocument.xib */; };
		96976E370E6E22B100325EE2 /* main.m in Sources */ = {isa = PBXBuildFile; fileRef = 96976E360E6E22B100325EE2 /* main.m */; };
		96976E3C0E6E231000325EE2 /* PGCocoa.framework in Frameworks */ = {isa = PBXBuildFile; fileRef = 8DC2EF5B0486A6940098B216 /* PGCocoa.framework */; };
		96976E440E6E231B00325EE2 /* Cocoa.framework in Frameworks */ = {isa = PBXBuildFile; fileRef = 1058C7B1FEA5585E11CA2CBB /* Cocoa.framework */; };
		96A56A480E5260D6005D0556 /* PGResult.h in Headers */ = {isa = PBXBuildFile; fileRef = 96A56A460E5260D6005D0556 /* PGResult.h */; settings = {ATTRIBUTES = (Public, ); }; };
		96A56A490E5260D6005D0556 /* PGResult.m in Sources */ = {isa = PBXBuildFile; fileRef = 96A56A470E5260D6005D0556 /* PGResult.m */; };
		96A56A4C0E526E14005D0556 /* PGError.h in Headers */ = {isa = PBXBuildFile; fileRef = 96A56A4A0E526E14005D0556 /* PGError.h */; };
		96A56A4D0E526E14005D0556 /* PGError.m in Sources */ = {isa = PBXBuildFile; fileRef = 96A56A4B0E526E14005D0556 /* PGError.m */; };
		96A56A8E0E527B91005D0556 /* pgtest.m in Sources */ = {isa = PBXBuildFile; fileRef = 96A56A8A0E5276C1005D0556 /* pgtest.m */; };
		96A56A8F0E527B9A005D0556 /* Cocoa.framework in Frameworks */ = {isa = PBXBuildFile; fileRef = 1058C7B1FEA5585E11CA2CBB /* Cocoa.framework */; };
		96A56A940E527BAD005D0556 /* PGCocoa.framework in Frameworks */ = {isa = PBXBuildFile; fileRef = 8DC2EF5B0486A6940098B216 /* PGCocoa.framework */; };
		96DAFDD40E2B50D800406253 /* PGConnection.h in Headers */ = {isa = PBXBuildFile; fileRef = 96DAFDD20E2B50D800406253 /* PGConnection.h */; settings = {ATTRIBUTES = (Public, ); }; };
		96DAFDD50E2B50D800406253 /* PGConnection.m in Sources */ = {isa = PBXBuildFile; fileRef = 96DAFDD30E2B50D800406253 /* PGConnection.m */; };
		96E163AE0E94F64E000AEA9A /* libpq-fe.h in Headers */ = {isa = PBXBuildFile; fileRef = 96E163AD0E94F64E000AEA9A /* libpq-fe.h */; settings = {ATTRIBUTES = (Public, ); }; };
		96E163EE0E951406000AEA9A /* postgres_ext.h in Headers */ = {isa = PBXBuildFile; fileRef = 96E163ED0E951406000AEA9A /* postgres_ext.h */; settings = {ATTRIBUTES = (Public, ); }; };
		96EAFC8F1061C69C00DB0100 /* PGRow.h in Headers */ = {isa = PBXBuildFile; fileRef = 96EAFC8D1061C69C00DB0100 /* PGRow.h */; settings = {ATTRIBUTES = (Public, ); }; };
		96EAFC901061C69C00DB0100 /* PGRow.m in Sources */ = {isa = PBXBuildFile; fileRef = 96EAFC8E1061C69C00DB0100 /* PGRow.m */; };
/* End PBXBuildFile section */

/* Begin PBXContainerItemProxy section */
		96976E130E6E144D00325EE2 /* PBXContainerItemProxy */ = {
			isa = PBXContainerItemProxy;
			containerPortal = 0867D690FE84028FC02AAC07 /* Project object */;
			proxyType = 1;
			remoteGlobalIDString = 8DC2EF4F0486A6940098B216;
			remoteInfo = PGCocoa;
		};
		96A56A800E527630005D0556 /* PBXContainerItemProxy */ = {
			isa = PBXContainerItemProxy;
			containerPortal = 0867D690FE84028FC02AAC07 /* Project object */;
			proxyType = 1;
			remoteGlobalIDString = 8DC2EF4F0486A6940098B216;
			remoteInfo = PGCocoa;
		};
		96A56A8C0E527B85005D0556 /* PBXContainerItemProxy */ = {
			isa = PBXContainerItemProxy;
			containerPortal = 0867D690FE84028FC02AAC07 /* Project object */;
			proxyType = 1;
			remoteGlobalIDString = 8DC2EF4F0486A6940098B216;
			remoteInfo = PGCocoa;
		};
/* End PBXContainerItemProxy section */

/* Begin PBXFileReference section */
		0867D69BFE84028FC02AAC07 /* Foundation.framework */ = {isa = PBXFileReference; lastKnownFileType = wrapper.framework; name = Foundation.framework; path = /System/Library/Frameworks/Foundation.framework; sourceTree = "<absolute>"; };
		0867D6A5FE840307C02AAC07 /* AppKit.framework */ = {isa = PBXFileReference; lastKnownFileType = wrapper.framework; name = AppKit.framework; path = /System/Library/Frameworks/AppKit.framework; sourceTree = "<absolute>"; };
		089C1667FE841158C02AAC07 /* English */ = {isa = PBXFileReference; fileEncoding = 10; lastKnownFileType = text.plist.strings; name = English; path = English.lproj/InfoPlist.strings; sourceTree = "<group>"; };
		1058C7B1FEA5585E11CA2CBB /* Cocoa.framework */ = {isa = PBXFileReference; lastKnownFileType = wrapper.framework; name = Cocoa.framework; path = /System/Library/Frameworks/Cocoa.framework; sourceTree = "<absolute>"; };
		32DBCF5E0370ADEE00C91783 /* PGCocoa_Prefix.pch */ = {isa = PBXFileReference; fileEncoding = 4; lastKnownFileType = sourcecode.c.h; path = PGCocoa_Prefix.pch; sourceTree = "<group>"; };
		8DC2EF5A0486A6940098B216 /* Info.plist */ = {isa = PBXFileReference; fileEncoding = 4; lastKnownFileType = text.plist.xml; path = Info.plist; sourceTree = "<group>"; };
		8DC2EF5B0486A6940098B216 /* PGCocoa.framework */ = {isa = PBXFileReference; explicitFileType = wrapper.framework; includeInIndex = 0; path = PGCocoa.framework; sourceTree = BUILT_PRODUCTS_DIR; };
		9610B72F0E2236EA000E25B2 /* flash_image_importer */ = {isa = PBXFileReference; explicitFileType = "compiled.mach-o.executable"; includeInIndex = 0; path = flash_image_importer; sourceTree = BUILT_PRODUCTS_DIR; };
		9610B7440E223E1B000E25B2 /* pgsql */ = {isa = PBXFileReference; lastKnownFileType = folder; name = pgsql; path = /usr/local/pgsql; sourceTree = "<absolute>"; };
		9610C0890E22450D000E25B2 /* flash_image_importer.h */ = {isa = PBXFileReference; fileEncoding = 4; lastKnownFileType = sourcecode.c.h; path = flash_image_importer.h; sourceTree = "<group>"; };
		9610C08A0E22450D000E25B2 /* flash_image_importer.c */ = {isa = PBXFileReference; fileEncoding = 4; lastKnownFileType = sourcecode.c.c; path = flash_image_importer.c; sourceTree = "<group>"; };
		96976C340E6942AE00325EE2 /* PGPreparedQuery.h */ = {isa = PBXFileReference; fileEncoding = 4; lastKnownFileType = sourcecode.c.h; path = PGPreparedQuery.h; sourceTree = "<group>"; };
		96976C350E6942AE00325EE2 /* PGPreparedQuery.m */ = {isa = PBXFileReference; fileEncoding = 4; lastKnownFileType = sourcecode.c.objc; path = PGPreparedQuery.m; sourceTree = "<group>"; };
		96976C440E69864700325EE2 /* PGInternal.h */ = {isa = PBXFileReference; fileEncoding = 4; lastKnownFileType = sourcecode.c.h; path = PGInternal.h; sourceTree = "<group>"; };
		96976C490E6988A500325EE2 /* PGCocoa.h */ = {isa = PBXFileReference; fileEncoding = 4; lastKnownFileType = sourcecode.c.h; path = PGCocoa.h; sourceTree = "<group>"; };
		96976E010E6E135C00325EE2 /* PGQuery Tool.app */ = {isa = PBXFileReference; explicitFileType = wrapper.application; includeInIndex = 0; path = "PGQuery Tool.app"; sourceTree = BUILT_PRODUCTS_DIR; };
		96976E030E6E135C00325EE2 /* PGQuery Tool-Info.plist */ = {isa = PBXFileReference; lastKnownFileType = text.plist.xml; path = "PGQuery Tool-Info.plist"; sourceTree = "<group>"; };
		96976E100E6E143B00325EE2 /* PGQueryDocument.h */ = {isa = PBXFileReference; fileEncoding = 4; lastKnownFileType = sourcecode.c.h; name = PGQueryDocument.h; path = "Source/PGQuery Tool/PGQueryDocument.h"; sourceTree = "<group>"; };
		96976E110E6E143B00325EE2 /* PGQueryDocument.m */ = {isa = PBXFileReference; fileEncoding = 4; lastKnownFileType = sourcecode.c.objc; name = PGQueryDocument.m; path = "Source/PGQuery Tool/PGQueryDocument.m"; sourceTree = "<group>"; };
		96976E150E6E14AF00325EE2 /* AppController.h */ = {isa = PBXFileReference; fileEncoding = 4; lastKnownFileType = sourcecode.c.h; name = AppController.h; path = "Source/PGQuery Tool/AppController.h"; sourceTree = "<group>"; };
		96976E160E6E14AF00325EE2 /* AppController.m */ = {isa = PBXFileReference; fileEncoding = 4; lastKnownFileType = sourcecode.c.objc; name = AppController.m; path = "Source/PGQuery Tool/AppController.m"; sourceTree = "<group>"; };
		96976E180E6E14CE00325EE2 /* PGQueryToolMainMenu.xib */ = {isa = PBXFileReference; lastKnownFileType = file.xib; path = PGQueryToolMainMenu.xib; sourceTree = "<group>"; };
		96976E1A0E6E152300325EE2 /* PGQueryDocument.xib */ = {isa = PBXFileReference; lastKnownFileType = file.xib; path = PGQueryDocument.xib; sourceTree = "<group>"; };
		96976E360E6E22B100325EE2 /* main.m */ = {isa = PBXFileReference; fileEncoding = 4; lastKnownFileType = sourcecode.c.objc; name = main.m; path = "Source/PGQuery Tool/main.m"; sourceTree = "<group>"; };
		96A56A460E5260D6005D0556 /* PGResult.h */ = {isa = PBXFileReference; fileEncoding = 4; lastKnownFileType = sourcecode.c.h; path = PGResult.h; sourceTree = "<group>"; };
		96A56A470E5260D6005D0556 /* PGResult.m */ = {isa = PBXFileReference; fileEncoding = 4; lastKnownFileType = sourcecode.c.objc; path = PGResult.m; sourceTree = "<group>"; };
		96A56A4A0E526E14005D0556 /* PGError.h */ = {isa = PBXFileReference; fileEncoding = 4; lastKnownFileType = sourcecode.c.h; path = PGError.h; sourceTree = "<group>"; };
		96A56A4B0E526E14005D0556 /* PGError.m */ = {isa = PBXFileReference; fileEncoding = 4; lastKnownFileType = sourcecode.c.objc; path = PGError.m; sourceTree = "<group>"; };
		96A56A7B0E527628005D0556 /* PGResultTest.octest */ = {isa = PBXFileReference; explicitFileType = wrapper.cfbundle; includeInIndex = 0; path = PGResultTest.octest; sourceTree = BUILT_PRODUCTS_DIR; };
		96A56A7C0E527628005D0556 /* PGResultTest-Info.plist */ = {isa = PBXFileReference; lastKnownFileType = text.plist.xml; path = "PGResultTest-Info.plist"; sourceTree = "<group>"; };
		96A56A850E52768D005D0556 /* pgtest */ = {isa = PBXFileReference; explicitFileType = "compiled.mach-o.executable"; includeInIndex = 0; path = pgtest; sourceTree = BUILT_PRODUCTS_DIR; };
		96A56A8A0E5276C1005D0556 /* pgtest.m */ = {isa = PBXFileReference; fileEncoding = 4; lastKnownFileType = sourcecode.c.objc; path = pgtest.m; sourceTree = "<group>"; };
		96DAFDD20E2B50D800406253 /* PGConnection.h */ = {isa = PBXFileReference; fileEncoding = 4; lastKnownFileType = sourcecode.c.h; path = PGConnection.h; sourceTree = "<group>"; };
		96DAFDD30E2B50D800406253 /* PGConnection.m */ = {isa = PBXFileReference; fileEncoding = 4; lastKnownFileType = sourcecode.c.objc; path = PGConnection.m; sourceTree = "<group>"; };
		96E163AD0E94F64E000AEA9A /* libpq-fe.h */ = {isa = PBXFileReference; fileEncoding = 4; lastKnownFileType = sourcecode.c.h; name = "libpq-fe.h"; path = "usr/include/libpq-fe.h"; sourceTree = SDKROOT; };
		96E163ED0E951406000AEA9A /* postgres_ext.h */ = {isa = PBXFileReference; fileEncoding = 4; lastKnownFileType = sourcecode.c.h; name = postgres_ext.h; path = /Applications/Xcode.app/Contents/Developer/Platforms/MacOSX.platform/Developer/SDKs/MacOSX10.8.sdk/usr/include/postgres_ext.h; sourceTree = "<absolute>"; };
		96EAFC8D1061C69C00DB0100 /* PGRow.h */ = {isa = PBXFileReference; fileEncoding = 4; lastKnownFileType = sourcecode.c.h; path = PGRow.h; sourceTree = "<group>"; };
		96EAFC8E1061C69C00DB0100 /* PGRow.m */ = {isa = PBXFileReference; fileEncoding = 4; lastKnownFileType = sourcecode.c.objc; path = PGRow.m; sourceTree = "<group>"; };
		D2F7E79907B2D74100F64583 /* CoreData.framework */ = {isa = PBXFileReference; lastKnownFileType = wrapper.framework; name = CoreData.framework; path = /System/Library/Frameworks/CoreData.framework; sourceTree = "<absolute>"; };
/* End PBXFileReference section */

/* Begin PBXFrameworksBuildPhase section */
		8DC2EF560486A6940098B216 /* Frameworks */ = {
			isa = PBXFrameworksBuildPhase;
			buildActionMask = 2147483647;
			files = (
				8DC2EF570486A6940098B216 /* Cocoa.framework in Frameworks */,
			);
			runOnlyForDeploymentPostprocessing = 0;
		};
		9610B72D0E2236EA000E25B2 /* Frameworks */ = {
			isa = PBXFrameworksBuildPhase;
			buildActionMask = 2147483647;
			files = (
			);
			runOnlyForDeploymentPostprocessing = 0;
		};
		96976DFF0E6E135C00325EE2 /* Frameworks */ = {
			isa = PBXFrameworksBuildPhase;
			buildActionMask = 2147483647;
			files = (
				96976E3C0E6E231000325EE2 /* PGCocoa.framework in Frameworks */,
				96976E440E6E231B00325EE2 /* Cocoa.framework in Frameworks */,
			);
			runOnlyForDeploymentPostprocessing = 0;
		};
		96A56A780E527628005D0556 /* Frameworks */ = {
			isa = PBXFrameworksBuildPhase;
			buildActionMask = 2147483647;
			files = (
			);
			runOnlyForDeploymentPostprocessing = 0;
		};
		96A56A830E52768D005D0556 /* Frameworks */ = {
			isa = PBXFrameworksBuildPhase;
			buildActionMask = 2147483647;
			files = (
				96A56A940E527BAD005D0556 /* PGCocoa.framework in Frameworks */,
				96A56A8F0E527B9A005D0556 /* Cocoa.framework in Frameworks */,
			);
			runOnlyForDeploymentPostprocessing = 0;
		};
/* End PBXFrameworksBuildPhase section */

/* Begin PBXGroup section */
		034768DFFF38A50411DB9C8B /* Products */ = {
			isa = PBXGroup;
			children = (
				8DC2EF5B0486A6940098B216 /* PGCocoa.framework */,
				9610B72F0E2236EA000E25B2 /* flash_image_importer */,
				96A56A7B0E527628005D0556 /* PGResultTest.octest */,
				96A56A850E52768D005D0556 /* pgtest */,
				96976E010E6E135C00325EE2 /* PGQuery Tool.app */,
			);
			name = Products;
			sourceTree = "<group>";
		};
		0867D691FE84028FC02AAC07 /* PGCocoa */ = {
			isa = PBXGroup;
			children = (
				08FB77AEFE84172EC02AAC07 /* Classes */,
				32C88DFF0371C24200C91783 /* Other Source */,
				089C1665FE841158C02AAC07 /* Resources */,
				96976E0F0E6E13DE00325EE2 /* PGQuery Tool */,
				0867D69AFE84028FC02AAC07 /* External Frameworks and Libraries */,
				034768DFFF38A50411DB9C8B /* Products */,
				96A56A7C0E527628005D0556 /* PGResultTest-Info.plist */,
				96976E030E6E135C00325EE2 /* PGQuery Tool-Info.plist */,
			);
			name = PGCocoa;
			sourceTree = "<group>";
		};
		0867D69AFE84028FC02AAC07 /* External Frameworks and Libraries */ = {
			isa = PBXGroup;
			children = (
				9610B7440E223E1B000E25B2 /* pgsql */,
				1058C7B0FEA5585E11CA2CBB /* Linked Frameworks */,
				1058C7B2FEA5585E11CA2CBB /* Other Frameworks */,
			);
			name = "External Frameworks and Libraries";
			sourceTree = "<group>";
		};
		089C1665FE841158C02AAC07 /* Resources */ = {
			isa = PBXGroup;
			children = (
				8DC2EF5A0486A6940098B216 /* Info.plist */,
				089C1666FE841158C02AAC07 /* InfoPlist.strings */,
				96976E180E6E14CE00325EE2 /* PGQueryToolMainMenu.xib */,
				96976E1A0E6E152300325EE2 /* PGQueryDocument.xib */,
			);
			path = Resources;
			sourceTree = "<group>";
		};
		08FB77AEFE84172EC02AAC07 /* Classes */ = {
			isa = PBXGroup;
			children = (
				96DAFDD20E2B50D800406253 /* PGConnection.h */,
				96DAFDD30E2B50D800406253 /* PGConnection.m */,
				96976C340E6942AE00325EE2 /* PGPreparedQuery.h */,
				96976C350E6942AE00325EE2 /* PGPreparedQuery.m */,
				96A56A460E5260D6005D0556 /* PGResult.h */,
				96A56A470E5260D6005D0556 /* PGResult.m */,
				96A56A4A0E526E14005D0556 /* PGError.h */,
				96A56A4B0E526E14005D0556 /* PGError.m */,
				96EAFC8D1061C69C00DB0100 /* PGRow.h */,
				96EAFC8E1061C69C00DB0100 /* PGRow.m */,
			);
			name = Classes;
			path = Source;
			sourceTree = "<group>";
		};
		1058C7B0FEA5585E11CA2CBB /* Linked Frameworks */ = {
			isa = PBXGroup;
			children = (
				1058C7B1FEA5585E11CA2CBB /* Cocoa.framework */,
			);
			name = "Linked Frameworks";
			sourceTree = "<group>";
		};
		1058C7B2FEA5585E11CA2CBB /* Other Frameworks */ = {
			isa = PBXGroup;
			children = (
				0867D6A5FE840307C02AAC07 /* AppKit.framework */,
				D2F7E79907B2D74100F64583 /* CoreData.framework */,
				0867D69BFE84028FC02AAC07 /* Foundation.framework */,
			);
			name = "Other Frameworks";
			sourceTree = "<group>";
		};
		32C88DFF0371C24200C91783 /* Other Source */ = {
			isa = PBXGroup;
			children = (
				96976C490E6988A500325EE2 /* PGCocoa.h */,
				96976C440E69864700325EE2 /* PGInternal.h */,
				32DBCF5E0370ADEE00C91783 /* PGCocoa_Prefix.pch */,
				9610C0890E22450D000E25B2 /* flash_image_importer.h */,
				9610C08A0E22450D000E25B2 /* flash_image_importer.c */,
				96A56A8A0E5276C1005D0556 /* pgtest.m */,
				96E163AD0E94F64E000AEA9A /* libpq-fe.h */,
				96E163ED0E951406000AEA9A /* postgres_ext.h */,
			);
			name = "Other Source";
			path = Source;
			sourceTree = "<group>";
		};
		96976E0F0E6E13DE00325EE2 /* PGQuery Tool */ = {
			isa = PBXGroup;
			children = (
				96976E100E6E143B00325EE2 /* PGQueryDocument.h */,
				96976E110E6E143B00325EE2 /* PGQueryDocument.m */,
				96976E150E6E14AF00325EE2 /* AppController.h */,
				96976E160E6E14AF00325EE2 /* AppController.m */,
				96976E360E6E22B100325EE2 /* main.m */,
			);
			name = "PGQuery Tool";
			sourceTree = "<group>";
		};
/* End PBXGroup section */

/* Begin PBXHeadersBuildPhase section */
		8DC2EF500486A6940098B216 /* Headers */ = {
			isa = PBXHeadersBuildPhase;
			buildActionMask = 2147483647;
			files = (
				96DAFDD40E2B50D800406253 /* PGConnection.h in Headers */,
				96A56A480E5260D6005D0556 /* PGResult.h in Headers */,
				96A56A4C0E526E14005D0556 /* PGError.h in Headers */,
				96976C360E6942AE00325EE2 /* PGPreparedQuery.h in Headers */,
				96976C450E69864700325EE2 /* PGInternal.h in Headers */,
				96976C4A0E6988A500325EE2 /* PGCocoa.h in Headers */,
				96E163AE0E94F64E000AEA9A /* libpq-fe.h in Headers */,
				96E163EE0E951406000AEA9A /* postgres_ext.h in Headers */,
				96EAFC8F1061C69C00DB0100 /* PGRow.h in Headers */,
			);
			runOnlyForDeploymentPostprocessing = 0;
		};
/* End PBXHeadersBuildPhase section */

/* Begin PBXNativeTarget section */
		8DC2EF4F0486A6940098B216 /* PGCocoa */ = {
			isa = PBXNativeTarget;
			buildConfigurationList = 1DEB91AD08733DA50010E9CD /* Build configuration list for PBXNativeTarget "PGCocoa" */;
			buildPhases = (
				8DC2EF500486A6940098B216 /* Headers */,
				8DC2EF520486A6940098B216 /* Resources */,
				8DC2EF540486A6940098B216 /* Sources */,
				8DC2EF560486A6940098B216 /* Frameworks */,
			);
			buildRules = (
			);
			dependencies = (
			);
			name = PGCocoa;
			productInstallPath = "$(HOME)/Library/Frameworks";
			productName = PGCocoa;
			productReference = 8DC2EF5B0486A6940098B216 /* PGCocoa.framework */;
			productType = "com.apple.product-type.framework";
		};
		9610B72E0E2236EA000E25B2 /* flash_image_importer */ = {
			isa = PBXNativeTarget;
			buildConfigurationList = 9610B7390E2236ED000E25B2 /* Build configuration list for PBXNativeTarget "flash_image_importer" */;
			buildPhases = (
				9610B72C0E2236EA000E25B2 /* Sources */,
				9610B72D0E2236EA000E25B2 /* Frameworks */,
			);
			buildRules = (
			);
			dependencies = (
			);
			name = flash_image_importer;
			productName = flash_image_importer.c;
			productReference = 9610B72F0E2236EA000E25B2 /* flash_image_importer */;
			productType = "com.apple.product-type.tool";
		};
		96976E000E6E135C00325EE2 /* PGQuery Tool */ = {
			isa = PBXNativeTarget;
			buildConfigurationList = 96976E060E6E135D00325EE2 /* Build configuration list for PBXNativeTarget "PGQuery Tool" */;
			buildPhases = (
				96976DFD0E6E135C00325EE2 /* Resources */,
				96976DFE0E6E135C00325EE2 /* Sources */,
				96976DFF0E6E135C00325EE2 /* Frameworks */,
			);
			buildRules = (
			);
			dependencies = (
				96976E140E6E144D00325EE2 /* PBXTargetDependency */,
			);
			name = "PGQuery Tool";
			productName = "PGQuery Tool";
			productReference = 96976E010E6E135C00325EE2 /* PGQuery Tool.app */;
			productType = "com.apple.product-type.application";
		};
		96A56A7A0E527628005D0556 /* PGResultTest */ = {
			isa = PBXNativeTarget;
			buildConfigurationList = 96A56A7F0E527629005D0556 /* Build configuration list for PBXNativeTarget "PGResultTest" */;
			buildPhases = (
				96A56A760E527628005D0556 /* Resources */,
				96A56A770E527628005D0556 /* Sources */,
				96A56A780E527628005D0556 /* Frameworks */,
				96A56A790E527628005D0556 /* ShellScript */,
			);
			buildRules = (
			);
			dependencies = (
				96A56A810E527630005D0556 /* PBXTargetDependency */,
			);
			name = PGResultTest;
			productName = PGResultTest;
			productReference = 96A56A7B0E527628005D0556 /* PGResultTest.octest */;
			productType = "com.apple.product-type.bundle";
		};
		96A56A840E52768D005D0556 /* pgtest */ = {
			isa = PBXNativeTarget;
			buildConfigurationList = 96A56A890E5276AB005D0556 /* Build configuration list for PBXNativeTarget "pgtest" */;
			buildPhases = (
				96A56A820E52768D005D0556 /* Sources */,
				96A56A830E52768D005D0556 /* Frameworks */,
			);
			buildRules = (
			);
			dependencies = (
				96A56A8D0E527B85005D0556 /* PBXTargetDependency */,
			);
			name = pgtest;
			productName = pgtest;
			productReference = 96A56A850E52768D005D0556 /* pgtest */;
			productType = "com.apple.product-type.tool";
		};
/* End PBXNativeTarget section */

/* Begin PBXProject section */
		0867D690FE84028FC02AAC07 /* Project object */ = {
			isa = PBXProject;
			attributes = {
				LastUpgradeCheck = 0450;
			};
			buildConfigurationList = 1DEB91B108733DA50010E9CD /* Build configuration list for PBXProject "PGCocoa" */;
			compatibilityVersion = "Xcode 3.2";
			developmentRegion = English;
			hasScannedForEncodings = 1;
			knownRegions = (
				en,
			);
			mainGroup = 0867D691FE84028FC02AAC07 /* PGCocoa */;
			productRefGroup = 034768DFFF38A50411DB9C8B /* Products */;
			projectDirPath = "";
			projectRoot = "";
			targets = (
				8DC2EF4F0486A6940098B216 /* PGCocoa */,
				9610B72E0E2236EA000E25B2 /* flash_image_importer */,
				96A56A7A0E527628005D0556 /* PGResultTest */,
				96A56A840E52768D005D0556 /* pgtest */,
				96976E000E6E135C00325EE2 /* PGQuery Tool */,
			);
		};
/* End PBXProject section */

/* Begin PBXResourcesBuildPhase section */
		8DC2EF520486A6940098B216 /* Resources */ = {
			isa = PBXResourcesBuildPhase;
			buildActionMask = 2147483647;
			files = (
				8DC2EF530486A6940098B216 /* InfoPlist.strings in Resources */,
			);
			runOnlyForDeploymentPostprocessing = 0;
		};
		96976DFD0E6E135C00325EE2 /* Resources */ = {
			isa = PBXResourcesBuildPhase;
			buildActionMask = 2147483647;
			files = (
				96976E190E6E14CE00325EE2 /* PGQueryToolMainMenu.xib in Resources */,
				96976E1B0E6E152300325EE2 /* PGQueryDocument.xib in Resources */,
			);
			runOnlyForDeploymentPostprocessing = 0;
		};
		96A56A760E527628005D0556 /* Resources */ = {
			isa = PBXResourcesBuildPhase;
			buildActionMask = 2147483647;
			files = (
			);
			runOnlyForDeploymentPostprocessing = 0;
		};
/* End PBXResourcesBuildPhase section */

/* Begin PBXShellScriptBuildPhase section */
		96A56A790E527628005D0556 /* ShellScript */ = {
			isa = PBXShellScriptBuildPhase;
			buildActionMask = 2147483647;
			files = (
			);
			inputPaths = (
			);
			outputPaths = (
			);
			runOnlyForDeploymentPostprocessing = 0;
			shellPath = /bin/sh;
			shellScript = "# Run the unit tests in this test bundle.\n\"${SYSTEM_DEVELOPER_DIR}/Tools/RunUnitTests\"\n";
		};
/* End PBXShellScriptBuildPhase section */

/* Begin PBXSourcesBuildPhase section */
		8DC2EF540486A6940098B216 /* Sources */ = {
			isa = PBXSourcesBuildPhase;
			buildActionMask = 2147483647;
			files = (
				96DAFDD50E2B50D800406253 /* PGConnection.m in Sources */,
				96A56A490E5260D6005D0556 /* PGResult.m in Sources */,
				96A56A4D0E526E14005D0556 /* PGError.m in Sources */,
				96976C370E6942AE00325EE2 /* PGPreparedQuery.m in Sources */,
				96EAFC901061C69C00DB0100 /* PGRow.m in Sources */,
			);
			runOnlyForDeploymentPostprocessing = 0;
		};
		9610B72C0E2236EA000E25B2 /* Sources */ = {
			isa = PBXSourcesBuildPhase;
			buildActionMask = 2147483647;
			files = (
				9610C08B0E22450D000E25B2 /* flash_image_importer.c in Sources */,
			);
			runOnlyForDeploymentPostprocessing = 0;
		};
		96976DFE0E6E135C00325EE2 /* Sources */ = {
			isa = PBXSourcesBuildPhase;
			buildActionMask = 2147483647;
			files = (
				96976E120E6E143B00325EE2 /* PGQueryDocument.m in Sources */,
				96976E170E6E14AF00325EE2 /* AppController.m in Sources */,
				96976E370E6E22B100325EE2 /* main.m in Sources */,
			);
			runOnlyForDeploymentPostprocessing = 0;
		};
		96A56A770E527628005D0556 /* Sources */ = {
			isa = PBXSourcesBuildPhase;
			buildActionMask = 2147483647;
			files = (
			);
			runOnlyForDeploymentPostprocessing = 0;
		};
		96A56A820E52768D005D0556 /* Sources */ = {
			isa = PBXSourcesBuildPhase;
			buildActionMask = 2147483647;
			files = (
				96A56A8E0E527B91005D0556 /* pgtest.m in Sources */,
			);
			runOnlyForDeploymentPostprocessing = 0;
		};
/* End PBXSourcesBuildPhase section */

/* Begin PBXTargetDependency section */
		96976E140E6E144D00325EE2 /* PBXTargetDependency */ = {
			isa = PBXTargetDependency;
			target = 8DC2EF4F0486A6940098B216 /* PGCocoa */;
			targetProxy = 96976E130E6E144D00325EE2 /* PBXContainerItemProxy */;
		};
		96A56A810E527630005D0556 /* PBXTargetDependency */ = {
			isa = PBXTargetDependency;
			target = 8DC2EF4F0486A6940098B216 /* PGCocoa */;
			targetProxy = 96A56A800E527630005D0556 /* PBXContainerItemProxy */;
		};
		96A56A8D0E527B85005D0556 /* PBXTargetDependency */ = {
			isa = PBXTargetDependency;
			target = 8DC2EF4F0486A6940098B216 /* PGCocoa */;
			targetProxy = 96A56A8C0E527B85005D0556 /* PBXContainerItemProxy */;
		};
/* End PBXTargetDependency section */

/* Begin PBXVariantGroup section */
		089C1666FE841158C02AAC07 /* InfoPlist.strings */ = {
			isa = PBXVariantGroup;
			children = (
				089C1667FE841158C02AAC07 /* English */,
			);
			name = InfoPlist.strings;
			sourceTree = "<group>";
		};
/* End PBXVariantGroup section */

/* Begin XCBuildConfiguration section */
		1DEB91AE08733DA50010E9CD /* Debug */ = {
			isa = XCBuildConfiguration;
			buildSettings = {
				ALWAYS_SEARCH_USER_PATHS = NO;
				COMBINE_HIDPI_IMAGES = YES;
				COPY_PHASE_STRIP = NO;
				DYLIB_COMPATIBILITY_VERSION = 1;
				DYLIB_CURRENT_VERSION = 1;
				FRAMEWORK_VERSION = A;
				GCC_DYNAMIC_NO_PIC = NO;
				GCC_MODEL_TUNING = G5;
				GCC_OPTIMIZATION_LEVEL = 0;
				GCC_PRECOMPILE_PREFIX_HEADER = YES;
				GCC_PREFIX_HEADER = Source/PGCocoa_Prefix.pch;
				INFOPLIST_FILE = Resources/Info.plist;
				INSTALL_PATH = "$(HOME)/Library/Frameworks";
				PRODUCT_NAME = PGCocoa;
				WRAPPER_EXTENSION = framework;
			};
			name = Debug;
		};
		1DEB91AF08733DA50010E9CD /* Release */ = {
			isa = XCBuildConfiguration;
			buildSettings = {
				ALWAYS_SEARCH_USER_PATHS = NO;
				COMBINE_HIDPI_IMAGES = YES;
				DEBUG_INFORMATION_FORMAT = "dwarf-with-dsym";
				DYLIB_COMPATIBILITY_VERSION = 1;
				DYLIB_CURRENT_VERSION = 1;
				FRAMEWORK_VERSION = A;
				GCC_MODEL_TUNING = G5;
				GCC_PRECOMPILE_PREFIX_HEADER = YES;
				GCC_PREFIX_HEADER = Source/PGCocoa_Prefix.pch;
				INFOPLIST_FILE = Resources/Info.plist;
				INSTALL_PATH = "$(HOME)/Library/Frameworks";
				PRODUCT_NAME = PGCocoa;
				WRAPPER_EXTENSION = framework;
			};
			name = Release;
		};
		1DEB91B208733DA50010E9CD /* Debug */ = {
			isa = XCBuildConfiguration;
			buildSettings = {
				ARCHS = "$(ARCHS_STANDARD_32_64_BIT)";
				GCC_C_LANGUAGE_STANDARD = c99;
				GCC_ENABLE_OBJC_GC = supported;
				GCC_OPTIMIZATION_LEVEL = 0;
				GCC_VERSION = com.apple.compilers.llvm.clang.1_0;
				GCC_WARN_ABOUT_RETURN_TYPE = YES;
				GCC_WARN_UNUSED_VARIABLE = YES;
				MACOSX_DEPLOYMENT_TARGET = 10.8;
				ONLY_ACTIVE_ARCH = YES;
				OTHER_LDFLAGS = "-lpq";
				SDKROOT = macosx;
			};
			name = Debug;
		};
		1DEB91B308733DA50010E9CD /* Release */ = {
			isa = XCBuildConfiguration;
			buildSettings = {
				ARCHS = "$(ARCHS_STANDARD_32_64_BIT)";
				GCC_C_LANGUAGE_STANDARD = c99;
				GCC_ENABLE_OBJC_GC = supported;
				GCC_VERSION = com.apple.compilers.llvm.clang.1_0;
				GCC_WARN_ABOUT_RETURN_TYPE = YES;
				GCC_WARN_UNUSED_VARIABLE = YES;
				MACOSX_DEPLOYMENT_TARGET = 10.8;
				OTHER_LDFLAGS = "-lpq";
				SDKROOT = macosx;
			};
			name = Release;
		};
		9610B7310E2236EB000E25B2 /* Debug */ = {
			isa = XCBuildConfiguration;
			buildSettings = {
				ALWAYS_SEARCH_USER_PATHS = NO;
				COPY_PHASE_STRIP = NO;
				GCC_DYNAMIC_NO_PIC = NO;
				GCC_MODEL_TUNING = G5;
				GCC_OPTIMIZATION_LEVEL = 0;
				GCC_PRECOMPILE_PREFIX_HEADER = NO;
				INSTALL_PATH = /usr/local/bin;
				PRODUCT_NAME = flash_image_importer;
			};
			name = Debug;
		};
		9610B7320E2236EB000E25B2 /* Release */ = {
			isa = XCBuildConfiguration;
			buildSettings = {
				ALWAYS_SEARCH_USER_PATHS = NO;
				COPY_PHASE_STRIP = YES;
				DEBUG_INFORMATION_FORMAT = "dwarf-with-dsym";
				GCC_MODEL_TUNING = G5;
				GCC_PRECOMPILE_PREFIX_HEADER = NO;
				INSTALL_PATH = /usr/local/bin;
				PRODUCT_NAME = flash_image_importer;
				ZERO_LINK = NO;
			};
			name = Release;
		};
		96976E040E6E135D00325EE2 /* Debug */ = {
			isa = XCBuildConfiguration;
			buildSettings = {
				ALWAYS_SEARCH_USER_PATHS = NO;
				COMBINE_HIDPI_IMAGES = YES;
				COPY_PHASE_STRIP = NO;
				GCC_DYNAMIC_NO_PIC = NO;
				GCC_MODEL_TUNING = G5;
				GCC_OPTIMIZATION_LEVEL = 0;
				GCC_PRECOMPILE_PREFIX_HEADER = YES;
				GCC_PREFIX_HEADER = "$(SYSTEM_LIBRARY_DIR)/Frameworks/AppKit.framework/Headers/AppKit.h";
				INFOPLIST_FILE = "PGQuery Tool-Info.plist";
				INSTALL_PATH = "$(HOME)/Applications";
				OTHER_LDFLAGS = (
					"-framework",
					Foundation,
					"-framework",
					AppKit,
				);
				PRODUCT_NAME = "PGQuery Tool";
			};
			name = Debug;
		};
		96976E050E6E135D00325EE2 /* Release */ = {
			isa = XCBuildConfiguration;
			buildSettings = {
				ALWAYS_SEARCH_USER_PATHS = NO;
				COMBINE_HIDPI_IMAGES = YES;
				COPY_PHASE_STRIP = YES;
				DEBUG_INFORMATION_FORMAT = "dwarf-with-dsym";
				GCC_MODEL_TUNING = G5;
				GCC_PRECOMPILE_PREFIX_HEADER = YES;
				GCC_PREFIX_HEADER = "$(SYSTEM_LIBRARY_DIR)/Frameworks/AppKit.framework/Headers/AppKit.h";
				INFOPLIST_FILE = "PGQuery Tool-Info.plist";
				INSTALL_PATH = "$(HOME)/Applications";
				OTHER_LDFLAGS = (
					"-framework",
					Foundation,
					"-framework",
					AppKit,
				);
				PRODUCT_NAME = "PGQuery Tool";
				ZERO_LINK = NO;
			};
			name = Release;
		};
		96A56A7D0E527629005D0556 /* Debug */ = {
			isa = XCBuildConfiguration;
			buildSettings = {
				ALWAYS_SEARCH_USER_PATHS = NO;
				COMBINE_HIDPI_IMAGES = YES;
				COPY_PHASE_STRIP = NO;
				FRAMEWORK_SEARCH_PATHS = "$(DEVELOPER_LIBRARY_DIR)/Frameworks";
				GCC_DYNAMIC_NO_PIC = NO;
				GCC_ENABLE_OBJC_EXCEPTIONS = YES;
				GCC_MODEL_TUNING = G5;
				GCC_OPTIMIZATION_LEVEL = 0;
				GCC_PRECOMPILE_PREFIX_HEADER = YES;
				GCC_PREFIX_HEADER = "$(SYSTEM_LIBRARY_DIR)/Frameworks/Cocoa.framework/Headers/Cocoa.h";
				INFOPLIST_FILE = "PGResultTest-Info.plist";
				INSTALL_PATH = "$(USER_LIBRARY_DIR)/Bundles";
				OTHER_LDFLAGS = (
					"-framework",
					Cocoa,
					"-framework",
					SenTestingKit,
				);
				PRODUCT_NAME = PGResultTest;
				WRAPPER_EXTENSION = octest;
			};
			name = Debug;
		};
		96A56A7E0E527629005D0556 /* Release */ = {
			isa = XCBuildConfiguration;
			buildSettings = {
				ALWAYS_SEARCH_USER_PATHS = NO;
				COMBINE_HIDPI_IMAGES = YES;
				COPY_PHASE_STRIP = YES;
				DEBUG_INFORMATION_FORMAT = "dwarf-with-dsym";
				FRAMEWORK_SEARCH_PATHS = "$(DEVELOPER_LIBRARY_DIR)/Frameworks";
				GCC_ENABLE_OBJC_EXCEPTIONS = YES;
				GCC_MODEL_TUNING = G5;
				GCC_PRECOMPILE_PREFIX_HEADER = YES;
				GCC_PREFIX_HEADER = "$(SYSTEM_LIBRARY_DIR)/Frameworks/Cocoa.framework/Headers/Cocoa.h";
				INFOPLIST_FILE = "PGResultTest-Info.plist";
				INSTALL_PATH = "$(USER_LIBRARY_DIR)/Bundles";
				OTHER_LDFLAGS = (
					"-framework",
					Cocoa,
					"-framework",
					SenTestingKit,
				);
				PRODUCT_NAME = PGResultTest;
				WRAPPER_EXTENSION = octest;
				ZERO_LINK = NO;
			};
			name = Release;
		};
		96A56A870E52768D005D0556 /* Debug */ = {
			isa = XCBuildConfiguration;
			buildSettings = {
				ALWAYS_SEARCH_USER_PATHS = NO;
				COPY_PHASE_STRIP = NO;
				GCC_DYNAMIC_NO_PIC = NO;
				GCC_MODEL_TUNING = G5;
				GCC_OPTIMIZATION_LEVEL = 0;
				GCC_PRECOMPILE_PREFIX_HEADER = YES;
				GCC_PREFIX_HEADER = "$(SYSTEM_LIBRARY_DIR)/Frameworks/AppKit.framework/Headers/AppKit.h";
				INSTALL_PATH = /usr/local/bin;
				OTHER_LDFLAGS = (
					"-framework",
					Foundation,
					"-framework",
					AppKit,
				);
				PRODUCT_NAME = pgtest;
			};
			name = Debug;
		};
		96A56A880E52768D005D0556 /* Release */ = {
			isa = XCBuildConfiguration;
			buildSettings = {
				ALWAYS_SEARCH_USER_PATHS = NO;
				COPY_PHASE_STRIP = YES;
				DEBUG_INFORMATION_FORMAT = "dwarf-with-dsym";
				GCC_MODEL_TUNING = G5;
				GCC_PRECOMPILE_PREFIX_HEADER = YES;
				GCC_PREFIX_HEADER = "$(SYSTEM_LIBRARY_DIR)/Frameworks/AppKit.framework/Headers/AppKit.h";
				INSTALL_PATH = /usr/local/bin;
				OTHER_LDFLAGS = (
					"-framework",
					Foundation,
					"-framework",
					AppKit,
				);
				PRODUCT_NAME = pgtest;
				ZERO_LINK = NO;
			};
			name = Release;
		};
/* End XCBuildConfiguration section */

/* Begin XCConfigurationList section */
		1DEB91AD08733DA50010E9CD /* Build configuration list for PBXNativeTarget "PGCocoa" */ = {
			isa = XCConfigurationList;
			buildConfigurations = (
				1DEB91AE08733DA50010E9CD /* Debug */,
				1DEB91AF08733DA50010E9CD /* Release */,
			);
			defaultConfigurationIsVisible = 0;
			defaultConfigurationName = Release;
		};
		1DEB91B108733DA50010E9CD /* Build configuration list for PBXProject "PGCocoa" */ = {
			isa = XCConfigurationList;
			buildConfigurations = (
				1DEB91B208733DA50010E9CD /* Debug */,
				1DEB91B308733DA50010E9CD /* Release */,
			);
			defaultConfigurationIsVisible = 0;
			defaultConfigurationName = Release;
		};
		9610B7390E2236ED000E25B2 /* Build configuration list for PBXNativeTarget "flash_image_importer" */ = {
			isa = XCConfigurationList;
			buildConfigurations = (
				9610B7310E2236EB000E25B2 /* Debug */,
				9610B7320E2236EB000E25B2 /* Release */,
			);
			defaultConfigurationIsVisible = 0;
			defaultConfigurationName = Release;
		};
		96976E060E6E135D00325EE2 /* Build configuration list for PBXNativeTarget "PGQuery Tool" */ = {
			isa = XCConfigurationList;
			buildConfigurations = (
				96976E040E6E135D00325EE2 /* Debug */,
				96976E050E6E135D00325EE2 /* Release */,
			);
			defaultConfigurationIsVisible = 0;
			defaultConfigurationName = Release;
		};
		96A56A7F0E527629005D0556 /* Build configuration list for PBXNativeTarget "PGResultTest" */ = {
			isa = XCConfigurationList;
			buildConfigurations = (
				96A56A7D0E527629005D0556 /* Debug */,
				96A56A7E0E527629005D0556 /* Release */,
			);
			defaultConfigurationIsVisible = 0;
			defaultConfigurationName = Release;
		};
		96A56A890E5276AB005D0556 /* Build configuration list for PBXNativeTarget "pgtest" */ = {
			isa = XCConfigurationList;
			buildConfigurations = (
				96A56A870E52768D005D0556 /* Debug */,
				96A56A880E52768D005D0556 /* Release */,
			);
			defaultConfigurationIsVisible = 0;
			defaultConfigurationName = Release;
		};
/* End XCConfigurationList section */
	};
	rootObject = 0867D690FE84028FC02AAC07 /* Project object */;
}
